
Microsoft Visual Studio Solution File, Format Version 12.00
# Visual Studio 15
VisualStudioVersion = 15.0.27130.2010
MinimumVisualStudioVersion = 10.0.40219.1
Project("{9A19103F-16F7-4668-BE54-9A1E7A4F7556}") = "Functional.Fluent", "Functional.Fluent\Functional.Fluent.csproj", "{19CC094A-AB17-4996-82FE-79EAACBD11A1}"
EndProject
Project("{9A19103F-16F7-4668-BE54-9A1E7A4F7556}") = "Functional.Fluent.Tests", "Functional.Fluent.Tests\Functional.Fluent.Tests.csproj", "{FBD508F8-CCC5-42AA-AABD-CFB69045EC54}"
EndProject
Global
	GlobalSection(SolutionConfigurationPlatforms) = preSolution
		Debug|Any CPU = Debug|Any CPU
		Release|Any CPU = Release|Any CPU
	EndGlobalSection
	GlobalSection(ProjectConfigurationPlatforms) = postSolution
		{19CC094A-AB17-4996-82FE-79EAACBD11A1}.Debug|Any CPU.ActiveCfg = Debug|Any CPU
		{19CC094A-AB17-4996-82FE-79EAACBD11A1}.Debug|Any CPU.Build.0 = Debug|Any CPU
		{19CC094A-AB17-4996-82FE-79EAACBD11A1}.Release|Any CPU.ActiveCfg = Release|Any CPU
		{19CC094A-AB17-4996-82FE-79EAACBD11A1}.Release|Any CPU.Build.0 = Release|Any CPU
		{FBD508F8-CCC5-42AA-AABD-CFB69045EC54}.Debug|Any CPU.ActiveCfg = Debug|Any CPU
		{FBD508F8-CCC5-42AA-AABD-CFB69045EC54}.Debug|Any CPU.Build.0 = Debug|Any CPU
		{FBD508F8-CCC5-42AA-AABD-CFB69045EC54}.Release|Any CPU.ActiveCfg = Release|Any CPU
		{FBD508F8-CCC5-42AA-AABD-CFB69045EC54}.Release|Any CPU.Build.0 = Release|Any CPU
	EndGlobalSection
	GlobalSection(SolutionProperties) = preSolution
		HideSolutionNode = FALSE
	EndGlobalSection
	GlobalSection(ExtensibilityGlobals) = postSolution
		SolutionGuid = {7C815549-4BCD-4E74-8BCA-3074C9189805}
	EndGlobalSection
EndGlobal
