
Microsoft Visual Studio Solution File, Format Version 12.00
# Visual Studio 2012
Project("{FAE04EC0-301F-11D3-BF4B-00C04F79EFBC}") = "Functional.Fluent", "Functional.Fluent\Functional.Fluent.csproj", "{26CBF5A1-18EE-4A3B-9017-5781A7F8DE31}"
EndProject
Project("{FAE04EC0-301F-11D3-BF4B-00C04F79EFBC}") = "FluentTests", "FluentTests\FluentTests.csproj", "{65BAE0BB-40AF-44E5-85CD-4ECA45AB81CF}"
EndProject
Global
	GlobalSection(SolutionConfigurationPlatforms) = preSolution
		Debug|Any CPU = Debug|Any CPU
		Release|Any CPU = Release|Any CPU
	EndGlobalSection
	GlobalSection(ProjectConfigurationPlatforms) = postSolution
		{26CBF5A1-18EE-4A3B-9017-5781A7F8DE31}.Debug|Any CPU.ActiveCfg = Debug|Any CPU
		{26CBF5A1-18EE-4A3B-9017-5781A7F8DE31}.Debug|Any CPU.Build.0 = Debug|Any CPU
		{26CBF5A1-18EE-4A3B-9017-5781A7F8DE31}.Release|Any CPU.ActiveCfg = Release|Any CPU
		{26CBF5A1-18EE-4A3B-9017-5781A7F8DE31}.Release|Any CPU.Build.0 = Release|Any CPU
		{65BAE0BB-40AF-44E5-85CD-4ECA45AB81CF}.Debug|Any CPU.ActiveCfg = Debug|Any CPU
		{65BAE0BB-40AF-44E5-85CD-4ECA45AB81CF}.Debug|Any CPU.Build.0 = Debug|Any CPU
		{65BAE0BB-40AF-44E5-85CD-4ECA45AB81CF}.Release|Any CPU.ActiveCfg = Release|Any CPU
		{65BAE0BB-40AF-44E5-85CD-4ECA45AB81CF}.Release|Any CPU.Build.0 = Release|Any CPU
	EndGlobalSection
	GlobalSection(SolutionProperties) = preSolution
		HideSolutionNode = FALSE
	EndGlobalSection
EndGlobal
